
Microsoft Visual Studio Solution File, Format Version 12.00
# Visual Studio Version 16
VisualStudioVersion = 16.0.30413.136
MinimumVisualStudioVersion = 10.0.40219.1
Project("{9A19103F-16F7-4668-BE54-9A1E7A4F7556}") = "ShoppingSystem", "ShoppingSystem.csproj", "{AB736F75-1093-447C-8C47-543D9A0A89D3}"
EndProject
Project("{FAE04EC0-301F-11D3-BF4B-00C04F79EFBC}") = "ShoppingSystem.Test", "..\ShoppingSystem.Test\ShoppingSystem.Test.csproj", "{01A7F05B-F7D0-42A8-9E66-4679D5060588}"
EndProject
Global
	GlobalSection(SolutionConfigurationPlatforms) = preSolution
		Debug|Any CPU = Debug|Any CPU
		Release|Any CPU = Release|Any CPU
	EndGlobalSection
	GlobalSection(ProjectConfigurationPlatforms) = postSolution
		{AB736F75-1093-447C-8C47-543D9A0A89D3}.Debug|Any CPU.ActiveCfg = Debug|Any CPU
		{AB736F75-1093-447C-8C47-543D9A0A89D3}.Debug|Any CPU.Build.0 = Debug|Any CPU
		{AB736F75-1093-447C-8C47-543D9A0A89D3}.Release|Any CPU.ActiveCfg = Release|Any CPU
		{AB736F75-1093-447C-8C47-543D9A0A89D3}.Release|Any CPU.Build.0 = Release|Any CPU
		{01A7F05B-F7D0-42A8-9E66-4679D5060588}.Debug|Any CPU.ActiveCfg = Debug|Any CPU
		{01A7F05B-F7D0-42A8-9E66-4679D5060588}.Debug|Any CPU.Build.0 = Debug|Any CPU
		{01A7F05B-F7D0-42A8-9E66-4679D5060588}.Release|Any CPU.ActiveCfg = Release|Any CPU
		{01A7F05B-F7D0-42A8-9E66-4679D5060588}.Release|Any CPU.Build.0 = Release|Any CPU
	EndGlobalSection
	GlobalSection(SolutionProperties) = preSolution
		HideSolutionNode = FALSE
	EndGlobalSection
	GlobalSection(ExtensibilityGlobals) = postSolution
		SolutionGuid = {0EDAE040-E14C-4A43-B246-83EA8B061F69}
	EndGlobalSection
EndGlobal
