
Microsoft Visual Studio Solution File, Format Version 12.00
# Visual Studio Version 16
VisualStudioVersion = 16.0.30523.141
MinimumVisualStudioVersion = 10.0.40219.1
Project("{9A19103F-16F7-4668-BE54-9A1E7A4F7556}") = "Task01", "Task01\Task01.csproj", "{121223B0-BA82-41A2-9205-7E88D2F178D7}"
EndProject
Project("{9A19103F-16F7-4668-BE54-9A1E7A4F7556}") = "Task02", "Task02\Task02.csproj", "{4F5CBEED-BC15-46F2-8FD4-F6C076D773BC}"
EndProject
Project("{9A19103F-16F7-4668-BE54-9A1E7A4F7556}") = "ConsoleApp1", "ConsoleApp1\ConsoleApp1.csproj", "{EB90AD05-63DA-4E62-B638-E083DAD08AE0}"
EndProject
Project("{FAE04EC0-301F-11D3-BF4B-00C04F79EFBC}") = "Task03", "Task03\Task03.csproj", "{67C9600C-BBC2-48E9-B46A-316F85F4FB4E}"
EndProject
Project("{FAE04EC0-301F-11D3-BF4B-00C04F79EFBC}") = "Task04", "Task04\Task04.csproj", "{356B13F3-B9C1-4DC4-B5F2-EFD12F2378C5}"
EndProject
Global
	GlobalSection(SolutionConfigurationPlatforms) = preSolution
		Debug|Any CPU = Debug|Any CPU
		Release|Any CPU = Release|Any CPU
	EndGlobalSection
	GlobalSection(ProjectConfigurationPlatforms) = postSolution
		{121223B0-BA82-41A2-9205-7E88D2F178D7}.Debug|Any CPU.ActiveCfg = Debug|Any CPU
		{121223B0-BA82-41A2-9205-7E88D2F178D7}.Debug|Any CPU.Build.0 = Debug|Any CPU
		{121223B0-BA82-41A2-9205-7E88D2F178D7}.Release|Any CPU.ActiveCfg = Release|Any CPU
		{121223B0-BA82-41A2-9205-7E88D2F178D7}.Release|Any CPU.Build.0 = Release|Any CPU
		{4F5CBEED-BC15-46F2-8FD4-F6C076D773BC}.Debug|Any CPU.ActiveCfg = Debug|Any CPU
		{4F5CBEED-BC15-46F2-8FD4-F6C076D773BC}.Debug|Any CPU.Build.0 = Debug|Any CPU
		{4F5CBEED-BC15-46F2-8FD4-F6C076D773BC}.Release|Any CPU.ActiveCfg = Release|Any CPU
		{4F5CBEED-BC15-46F2-8FD4-F6C076D773BC}.Release|Any CPU.Build.0 = Release|Any CPU
		{EB90AD05-63DA-4E62-B638-E083DAD08AE0}.Debug|Any CPU.ActiveCfg = Debug|Any CPU
		{EB90AD05-63DA-4E62-B638-E083DAD08AE0}.Debug|Any CPU.Build.0 = Debug|Any CPU
		{EB90AD05-63DA-4E62-B638-E083DAD08AE0}.Release|Any CPU.ActiveCfg = Release|Any CPU
		{EB90AD05-63DA-4E62-B638-E083DAD08AE0}.Release|Any CPU.Build.0 = Release|Any CPU
		{67C9600C-BBC2-48E9-B46A-316F85F4FB4E}.Debug|Any CPU.ActiveCfg = Debug|Any CPU
		{67C9600C-BBC2-48E9-B46A-316F85F4FB4E}.Debug|Any CPU.Build.0 = Debug|Any CPU
		{67C9600C-BBC2-48E9-B46A-316F85F4FB4E}.Release|Any CPU.ActiveCfg = Release|Any CPU
		{67C9600C-BBC2-48E9-B46A-316F85F4FB4E}.Release|Any CPU.Build.0 = Release|Any CPU
		{356B13F3-B9C1-4DC4-B5F2-EFD12F2378C5}.Debug|Any CPU.ActiveCfg = Debug|Any CPU
		{356B13F3-B9C1-4DC4-B5F2-EFD12F2378C5}.Debug|Any CPU.Build.0 = Debug|Any CPU
		{356B13F3-B9C1-4DC4-B5F2-EFD12F2378C5}.Release|Any CPU.ActiveCfg = Release|Any CPU
		{356B13F3-B9C1-4DC4-B5F2-EFD12F2378C5}.Release|Any CPU.Build.0 = Release|Any CPU
	EndGlobalSection
	GlobalSection(SolutionProperties) = preSolution
		HideSolutionNode = FALSE
	EndGlobalSection
	GlobalSection(ExtensibilityGlobals) = postSolution
		SolutionGuid = {C9EC61E9-E380-48A3-BE21-7973731A5DBE}
	EndGlobalSection
EndGlobal
