
Microsoft Visual Studio Solution File, Format Version 12.00
# Visual Studio Version 16
VisualStudioVersion = 16.0.30523.141
MinimumVisualStudioVersion = 10.0.40219.1
Project("{FAE04EC0-301F-11D3-BF4B-00C04F79EFBC}") = "Task01", "Task01\Task01.csproj", "{2F0D150C-CA1E-45ED-9A95-5EFCA52B87D9}"
EndProject
Project("{FAE04EC0-301F-11D3-BF4B-00C04F79EFBC}") = "Task02", "Task02\Task02.csproj", "{5CCA7508-95A3-4992-9AC5-CE59F4941AC2}"
EndProject
Project("{FAE04EC0-301F-11D3-BF4B-00C04F79EFBC}") = "Task03", "Task03\Task03.csproj", "{695DAD2E-1D9E-4637-9549-2A4282A5BF58}"
EndProject
Project("{FAE04EC0-301F-11D3-BF4B-00C04F79EFBC}") = "Task04", "Task04\Task04.csproj", "{F4D39635-4671-4529-9CB6-9C4FFAD4AE17}"
EndProject
Project("{FAE04EC0-301F-11D3-BF4B-00C04F79EFBC}") = "Task05", "Task05\Task05.csproj", "{F65A90A5-7FB4-41BA-9D37-E9311880EA22}"
EndProject
Global
	GlobalSection(SolutionConfigurationPlatforms) = preSolution
		Debug|Any CPU = Debug|Any CPU
		Release|Any CPU = Release|Any CPU
	EndGlobalSection
	GlobalSection(ProjectConfigurationPlatforms) = postSolution
		{2F0D150C-CA1E-45ED-9A95-5EFCA52B87D9}.Debug|Any CPU.ActiveCfg = Debug|Any CPU
		{2F0D150C-CA1E-45ED-9A95-5EFCA52B87D9}.Debug|Any CPU.Build.0 = Debug|Any CPU
		{2F0D150C-CA1E-45ED-9A95-5EFCA52B87D9}.Release|Any CPU.ActiveCfg = Release|Any CPU
		{2F0D150C-CA1E-45ED-9A95-5EFCA52B87D9}.Release|Any CPU.Build.0 = Release|Any CPU
		{5CCA7508-95A3-4992-9AC5-CE59F4941AC2}.Debug|Any CPU.ActiveCfg = Debug|Any CPU
		{5CCA7508-95A3-4992-9AC5-CE59F4941AC2}.Debug|Any CPU.Build.0 = Debug|Any CPU
		{5CCA7508-95A3-4992-9AC5-CE59F4941AC2}.Release|Any CPU.ActiveCfg = Release|Any CPU
		{5CCA7508-95A3-4992-9AC5-CE59F4941AC2}.Release|Any CPU.Build.0 = Release|Any CPU
		{695DAD2E-1D9E-4637-9549-2A4282A5BF58}.Debug|Any CPU.ActiveCfg = Debug|Any CPU
		{695DAD2E-1D9E-4637-9549-2A4282A5BF58}.Debug|Any CPU.Build.0 = Debug|Any CPU
		{695DAD2E-1D9E-4637-9549-2A4282A5BF58}.Release|Any CPU.ActiveCfg = Release|Any CPU
		{695DAD2E-1D9E-4637-9549-2A4282A5BF58}.Release|Any CPU.Build.0 = Release|Any CPU
		{F4D39635-4671-4529-9CB6-9C4FFAD4AE17}.Debug|Any CPU.ActiveCfg = Debug|Any CPU
		{F4D39635-4671-4529-9CB6-9C4FFAD4AE17}.Debug|Any CPU.Build.0 = Debug|Any CPU
		{F4D39635-4671-4529-9CB6-9C4FFAD4AE17}.Release|Any CPU.ActiveCfg = Release|Any CPU
		{F4D39635-4671-4529-9CB6-9C4FFAD4AE17}.Release|Any CPU.Build.0 = Release|Any CPU
		{F65A90A5-7FB4-41BA-9D37-E9311880EA22}.Debug|Any CPU.ActiveCfg = Debug|Any CPU
		{F65A90A5-7FB4-41BA-9D37-E9311880EA22}.Debug|Any CPU.Build.0 = Debug|Any CPU
		{F65A90A5-7FB4-41BA-9D37-E9311880EA22}.Release|Any CPU.ActiveCfg = Release|Any CPU
		{F65A90A5-7FB4-41BA-9D37-E9311880EA22}.Release|Any CPU.Build.0 = Release|Any CPU
	EndGlobalSection
	GlobalSection(SolutionProperties) = preSolution
		HideSolutionNode = FALSE
	EndGlobalSection
	GlobalSection(ExtensibilityGlobals) = postSolution
		SolutionGuid = {E4B7B38A-BCEB-4E41-B97A-AE8E376C4129}
	EndGlobalSection
EndGlobal
