
Microsoft Visual Studio Solution File, Format Version 12.00
# Visual Studio Version 16
VisualStudioVersion = 16.0.30523.141
MinimumVisualStudioVersion = 10.0.40219.1
Project("{FAE04EC0-301F-11D3-BF4B-00C04F79EFBC}") = "Task01", "Task01\Task01.csproj", "{B6B2EF90-CE79-48C0-BF85-96CD7CBFCC58}"
EndProject
Project("{FAE04EC0-301F-11D3-BF4B-00C04F79EFBC}") = "Task02", "Task02\Task02.csproj", "{62CE31B6-72E2-4443-B1A9-E020FA6E244F}"
EndProject
Project("{FAE04EC0-301F-11D3-BF4B-00C04F79EFBC}") = "Task03", "Task03\Task03.csproj", "{C512D017-93EA-472A-A4DB-0CC886D3357A}"
EndProject
Project("{FAE04EC0-301F-11D3-BF4B-00C04F79EFBC}") = "Task04", "Task04\Task04.csproj", "{CBE398F1-B43C-4FC2-BE64-57F5A9623AC8}"
EndProject
Project("{FAE04EC0-301F-11D3-BF4B-00C04F79EFBC}") = "Task05", "Task05\Task05.csproj", "{1A8D06FC-B7F4-4789-ABB5-ED9E92F579EC}"
EndProject
Global
	GlobalSection(SolutionConfigurationPlatforms) = preSolution
		Debug|Any CPU = Debug|Any CPU
		Release|Any CPU = Release|Any CPU
	EndGlobalSection
	GlobalSection(ProjectConfigurationPlatforms) = postSolution
		{B6B2EF90-CE79-48C0-BF85-96CD7CBFCC58}.Debug|Any CPU.ActiveCfg = Debug|Any CPU
		{B6B2EF90-CE79-48C0-BF85-96CD7CBFCC58}.Debug|Any CPU.Build.0 = Debug|Any CPU
		{B6B2EF90-CE79-48C0-BF85-96CD7CBFCC58}.Release|Any CPU.ActiveCfg = Release|Any CPU
		{B6B2EF90-CE79-48C0-BF85-96CD7CBFCC58}.Release|Any CPU.Build.0 = Release|Any CPU
		{62CE31B6-72E2-4443-B1A9-E020FA6E244F}.Debug|Any CPU.ActiveCfg = Debug|Any CPU
		{62CE31B6-72E2-4443-B1A9-E020FA6E244F}.Debug|Any CPU.Build.0 = Debug|Any CPU
		{62CE31B6-72E2-4443-B1A9-E020FA6E244F}.Release|Any CPU.ActiveCfg = Release|Any CPU
		{62CE31B6-72E2-4443-B1A9-E020FA6E244F}.Release|Any CPU.Build.0 = Release|Any CPU
		{C512D017-93EA-472A-A4DB-0CC886D3357A}.Debug|Any CPU.ActiveCfg = Debug|Any CPU
		{C512D017-93EA-472A-A4DB-0CC886D3357A}.Debug|Any CPU.Build.0 = Debug|Any CPU
		{C512D017-93EA-472A-A4DB-0CC886D3357A}.Release|Any CPU.ActiveCfg = Release|Any CPU
		{C512D017-93EA-472A-A4DB-0CC886D3357A}.Release|Any CPU.Build.0 = Release|Any CPU
		{CBE398F1-B43C-4FC2-BE64-57F5A9623AC8}.Debug|Any CPU.ActiveCfg = Debug|Any CPU
		{CBE398F1-B43C-4FC2-BE64-57F5A9623AC8}.Debug|Any CPU.Build.0 = Debug|Any CPU
		{CBE398F1-B43C-4FC2-BE64-57F5A9623AC8}.Release|Any CPU.ActiveCfg = Release|Any CPU
		{CBE398F1-B43C-4FC2-BE64-57F5A9623AC8}.Release|Any CPU.Build.0 = Release|Any CPU
		{1A8D06FC-B7F4-4789-ABB5-ED9E92F579EC}.Debug|Any CPU.ActiveCfg = Debug|Any CPU
		{1A8D06FC-B7F4-4789-ABB5-ED9E92F579EC}.Debug|Any CPU.Build.0 = Debug|Any CPU
		{1A8D06FC-B7F4-4789-ABB5-ED9E92F579EC}.Release|Any CPU.ActiveCfg = Release|Any CPU
		{1A8D06FC-B7F4-4789-ABB5-ED9E92F579EC}.Release|Any CPU.Build.0 = Release|Any CPU
	EndGlobalSection
	GlobalSection(SolutionProperties) = preSolution
		HideSolutionNode = FALSE
	EndGlobalSection
	GlobalSection(ExtensibilityGlobals) = postSolution
		SolutionGuid = {33A5B0D7-235A-4892-BAB9-EF29DB4B2722}
	EndGlobalSection
EndGlobal
