
Microsoft Visual Studio Solution File, Format Version 12.00
# Visual Studio Version 16
VisualStudioVersion = 16.0.30717.126
MinimumVisualStudioVersion = 10.0.40219.1
Project("{9A19103F-16F7-4668-BE54-9A1E7A4F7556}") = "ViewTask", "ViewTask\ViewTask.csproj", "{B61DD6D6-933B-47DA-887E-507974567B56}"
EndProject
Global
	GlobalSection(SolutionConfigurationPlatforms) = preSolution
		Debug|Any CPU = Debug|Any CPU
		Release|Any CPU = Release|Any CPU
	EndGlobalSection
	GlobalSection(ProjectConfigurationPlatforms) = postSolution
		{B61DD6D6-933B-47DA-887E-507974567B56}.Debug|Any CPU.ActiveCfg = Debug|Any CPU
		{B61DD6D6-933B-47DA-887E-507974567B56}.Debug|Any CPU.Build.0 = Debug|Any CPU
		{B61DD6D6-933B-47DA-887E-507974567B56}.Release|Any CPU.ActiveCfg = Release|Any CPU
		{B61DD6D6-933B-47DA-887E-507974567B56}.Release|Any CPU.Build.0 = Release|Any CPU
	EndGlobalSection
	GlobalSection(SolutionProperties) = preSolution
		HideSolutionNode = FALSE
	EndGlobalSection
	GlobalSection(ExtensibilityGlobals) = postSolution
		SolutionGuid = {DE16D7DC-B68E-4526-9937-E43F2C158FF0}
	EndGlobalSection
EndGlobal
